
Microsoft Visual Studio Solution File, Format Version 12.00
# Visual Studio Version 17
VisualStudioVersion = 17.1.32414.318
MinimumVisualStudioVersion = 10.0.40219.1
Project("{9A19103F-16F7-4668-BE54-9A1E7A4F7556}") = "RazorPagesTestSample", "RazorPagesTestSample.csproj", "{D0A92CE1-C35F-4298-9209-D29FF9B8D868}"
EndProject
Global
	GlobalSection(SolutionConfigurationPlatforms) = preSolution
		Debug|Any CPU = Debug|Any CPU
		Release|Any CPU = Release|Any CPU
	EndGlobalSection
	GlobalSection(ProjectConfigurationPlatforms) = postSolution
		{D0A92CE1-C35F-4298-9209-D29FF9B8D868}.Debug|Any CPU.ActiveCfg = Debug|Any CPU
		{D0A92CE1-C35F-4298-9209-D29FF9B8D868}.Debug|Any CPU.Build.0 = Debug|Any CPU
		{D0A92CE1-C35F-4298-9209-D29FF9B8D868}.Release|Any CPU.ActiveCfg = Release|Any CPU
		{D0A92CE1-C35F-4298-9209-D29FF9B8D868}.Release|Any CPU.Build.0 = Release|Any CPU
	EndGlobalSection
	GlobalSection(SolutionProperties) = preSolution
		HideSolutionNode = FALSE
	EndGlobalSection
	GlobalSection(ExtensibilityGlobals) = postSolution
		SolutionGuid = {14CDAE48-82D6-4507-A4ED-F0BBA8981FC1}
	EndGlobalSection
EndGlobal
